
Microsoft Visual Studio Solution File, Format Version 12.00
# Visual Studio Version 17
VisualStudioVersion = 17.7.34221.43
MinimumVisualStudioVersion = 10.0.40219.1
Project("{FAE04EC0-301F-11D3-BF4B-00C04F79EFBC}") = "Calculadora", "Calculadora\Calculadora.csproj", "{69B0541B-1AA2-4AAD-B75F-AF1429FDEEE9}"
EndProject
Global
	GlobalSection(SolutionConfigurationPlatforms) = preSolution
		Debug|Any CPU = Debug|Any CPU
		Release|Any CPU = Release|Any CPU
	EndGlobalSection
	GlobalSection(ProjectConfigurationPlatforms) = postSolution
		{69B0541B-1AA2-4AAD-B75F-AF1429FDEEE9}.Debug|Any CPU.ActiveCfg = Debug|Any CPU
		{69B0541B-1AA2-4AAD-B75F-AF1429FDEEE9}.Debug|Any CPU.Build.0 = Debug|Any CPU
		{69B0541B-1AA2-4AAD-B75F-AF1429FDEEE9}.Release|Any CPU.ActiveCfg = Release|Any CPU
		{69B0541B-1AA2-4AAD-B75F-AF1429FDEEE9}.Release|Any CPU.Build.0 = Release|Any CPU
	EndGlobalSection
	GlobalSection(SolutionProperties) = preSolution
		HideSolutionNode = FALSE
	EndGlobalSection
	GlobalSection(ExtensibilityGlobals) = postSolution
		SolutionGuid = {AABEAE55-2337-4A20-8CE8-1E37A578D59C}
	EndGlobalSection
EndGlobal
